
Microsoft Visual Studio Solution File, Format Version 12.00
# Visual Studio Version 17
VisualStudioVersion = 17.11.35327.3
MinimumVisualStudioVersion = 10.0.40219.1
Project("{FAE04EC0-301F-11D3-BF4B-00C04F79EFBC}") = "WatersAD", "WatersAD\WatersAD.csproj", "{89627B35-20F7-496D-9ECE-D0AC70B88B0C}"
EndProject
Global
	GlobalSection(SolutionConfigurationPlatforms) = preSolution
		Debug|Any CPU = Debug|Any CPU
		Release|Any CPU = Release|Any CPU
	EndGlobalSection
	GlobalSection(ProjectConfigurationPlatforms) = postSolution
		{89627B35-20F7-496D-9ECE-D0AC70B88B0C}.Debug|Any CPU.ActiveCfg = Debug|Any CPU
		{89627B35-20F7-496D-9ECE-D0AC70B88B0C}.Debug|Any CPU.Build.0 = Debug|Any CPU
		{89627B35-20F7-496D-9ECE-D0AC70B88B0C}.Debug|Any CPU.Deploy.0 = Debug|Any CPU
		{89627B35-20F7-496D-9ECE-D0AC70B88B0C}.Release|Any CPU.ActiveCfg = Release|Any CPU
		{89627B35-20F7-496D-9ECE-D0AC70B88B0C}.Release|Any CPU.Build.0 = Release|Any CPU
		{89627B35-20F7-496D-9ECE-D0AC70B88B0C}.Release|Any CPU.Deploy.0 = Release|Any CPU
	EndGlobalSection
	GlobalSection(SolutionProperties) = preSolution
		HideSolutionNode = FALSE
	EndGlobalSection
	GlobalSection(ExtensibilityGlobals) = postSolution
		SolutionGuid = {7E558259-6FB8-44FF-8EB0-E51BC4E07946}
	EndGlobalSection
EndGlobal
